golang.org/x/exp v0.0.0-20220930202632-ec3f01382ef9 h1:RjggHMcaTVp0LOVZcW0bo8alwHrOaCrGUDgfWUHhnN4=
golang.org/x/exp v0.0.0-20220930202632-ec3f01382ef9/go.mod h1:cyybsKvd6eL0RnXn6p/Grxp8F5bW7iYuBgsNCOHpMYE=
golang.org/x/text v0.4.0 h1:BrVqGRd7+k1DiOgtnFvAkoQEWQvBc25ouMJM6429SFg=
golang.org/x/text v0.4.0/go.mod h1:mrYo+phRRbMaCq/xk9113O4dZlRixOauAjOtrjsXDZ8=
