golang.org/x/exp v0.0.0-20220929132715-df6207c56b9e h1:CEsRTv4qpqnMsjX0sa7g7EarLEN7mA1LYcQK44QRno8=
golang.org/x/exp v0.0.0-20220929132715-df6207c56b9e/go.mod h1:cyybsKvd6eL0RnXn6p/Grxp8F5bW7iYuBgsNCOHpMYE=
golang.org/x/exp v0.0.0-20220929160808-de9c53c655b9 h1:lNtcVz/3bOstm7Vebox+5m3nLh/BYWnhmc3AhXOW6oI=
golang.org/x/exp v0.0.0-20220929160808-de9c53c655b9/go.mod h1:cyybsKvd6eL0RnXn6p/Grxp8F5bW7iYuBgsNCOHpMYE=
golang.org/x/exp v0.0.0-20220930202632-ec3f01382ef9 h1:RjggHMcaTVp0LOVZcW0bo8alwHrOaCrGUDgfWUHhnN4=
golang.org/x/exp v0.0.0-20220930202632-ec3f01382ef9/go.mod h1:cyybsKvd6eL0RnXn6p/Grxp8F5bW7iYuBgsNCOHpMYE=
golang.org/x/text v0.3.7 h1:olpwvP2KacW1ZWvsR7uQhoyTYvKAupfQrRGBFM352Gk=
golang.org/x/text v0.3.7/go.mod h1:u+2+/6zg+i71rQMx5EYifcz6MCKuco9NR6JIITiCfzQ=
